
Microsoft Visual Studio Solution File, Format Version 12.00
# Visual Studio 15
VisualStudioVersion = 15.0.28010.2041
MinimumVisualStudioVersion = 10.0.40219.1
Project("{FAE04EC0-301F-11D3-BF4B-00C04F79EFBC}") = "Application", "Application\Application.csproj", "{DCF4B496-C57B-400A-A01D-B7E8763E5CB2}"
EndProject
Global
	GlobalSection(SolutionConfigurationPlatforms) = preSolution
		Debug|Any CPU = Debug|Any CPU
		Release|Any CPU = Release|Any CPU
	EndGlobalSection
	GlobalSection(ProjectConfigurationPlatforms) = postSolution
		{DCF4B496-C57B-400A-A01D-B7E8763E5CB2}.Debug|Any CPU.ActiveCfg = Debug|Any CPU
		{DCF4B496-C57B-400A-A01D-B7E8763E5CB2}.Debug|Any CPU.Build.0 = Debug|Any CPU
		{DCF4B496-C57B-400A-A01D-B7E8763E5CB2}.Release|Any CPU.ActiveCfg = Release|Any CPU
		{DCF4B496-C57B-400A-A01D-B7E8763E5CB2}.Release|Any CPU.Build.0 = Release|Any CPU
	EndGlobalSection
	GlobalSection(SolutionProperties) = preSolution
		HideSolutionNode = FALSE
	EndGlobalSection
	GlobalSection(ExtensibilityGlobals) = postSolution
		SolutionGuid = {57C06937-6594-4E9B-BB60-AD55236DB2BB}
	EndGlobalSection
EndGlobal
